
Microsoft Visual Studio Solution File, Format Version 12.00
# Visual Studio Version 16
VisualStudioVersion = 16.0.30011.22
MinimumVisualStudioVersion = 10.0.40219.1
Project("{FAE04EC0-301F-11D3-BF4B-00C04F79EFBC}") = "KeyboardManager", "KeyboardManager\KeyboardManager.csproj", "{61D7AA67-C50D-4E59-946D-207334FC414A}"
EndProject
Global
	GlobalSection(SolutionConfigurationPlatforms) = preSolution
		Debug|Any CPU = Debug|Any CPU
		Release|Any CPU = Release|Any CPU
	EndGlobalSection
	GlobalSection(ProjectConfigurationPlatforms) = postSolution
		{61D7AA67-C50D-4E59-946D-207334FC414A}.Debug|Any CPU.ActiveCfg = Debug|Any CPU
		{61D7AA67-C50D-4E59-946D-207334FC414A}.Debug|Any CPU.Build.0 = Debug|Any CPU
		{61D7AA67-C50D-4E59-946D-207334FC414A}.Release|Any CPU.ActiveCfg = Release|Any CPU
		{61D7AA67-C50D-4E59-946D-207334FC414A}.Release|Any CPU.Build.0 = Release|Any CPU
	EndGlobalSection
	GlobalSection(SolutionProperties) = preSolution
		HideSolutionNode = FALSE
	EndGlobalSection
	GlobalSection(ExtensibilityGlobals) = postSolution
		SolutionGuid = {A1FF0660-4783-4C2E-B64A-A9E05BFD381D}
	EndGlobalSection
EndGlobal
